// !$*UTF8*$!
{
	archiveVersion = 1;
	classes = {
	};
	objectVersion = 46;
	objects = {

/* Begin PBXBuildFile section */
		D63D8C2DB4C9A9C81A2085C5 /* Pods.framework in Frameworks */ = {isa = PBXBuildFile; fileRef = 851434F9FD4A306BF38DBA9A /* Pods.framework */; };
		E80E3BEE1CF0C82C0085ABC3 /* PostsRequestBuilder.swift in Sources */ = {isa = PBXBuildFile; fileRef = E80E3BED1CF0C82C0085ABC3 /* PostsRequestBuilder.swift */; settings = {ASSET_TAGS = (); }; };
		E80E3BF01CF0C9510085ABC3 /* UsersRequestBuilder.swift in Sources */ = {isa = PBXBuildFile; fileRef = E80E3BEF1CF0C9510085ABC3 /* UsersRequestBuilder.swift */; settings = {ASSET_TAGS = (); }; };
		E80E3BF21CF0C9AC0085ABC3 /* CommentsRequestBuilder.swift in Sources */ = {isa = PBXBuildFile; fileRef = E80E3BF11CF0C9AC0085ABC3 /* CommentsRequestBuilder.swift */; settings = {ASSET_TAGS = (); }; };
		E80E3BF61CF0CA110085ABC3 /* ArrayModelBuilder.swift in Sources */ = {isa = PBXBuildFile; fileRef = E80E3BF51CF0CA110085ABC3 /* ArrayModelBuilder.swift */; settings = {ASSET_TAGS = (); }; };
		E80E3BF81CF0CC230085ABC3 /* PostModelBuilder.swift in Sources */ = {isa = PBXBuildFile; fileRef = E80E3BF71CF0CC230085ABC3 /* PostModelBuilder.swift */; settings = {ASSET_TAGS = (); }; };
		E80E3BFA1CF0CDBD0085ABC3 /* UserModelBuilder.swift in Sources */ = {isa = PBXBuildFile; fileRef = E80E3BF91CF0CDBD0085ABC3 /* UserModelBuilder.swift */; settings = {ASSET_TAGS = (); }; };
		E80E3BFC1CF0CE7A0085ABC3 /* CommentModelBuilder.swift in Sources */ = {isa = PBXBuildFile; fileRef = E80E3BFB1CF0CE7A0085ABC3 /* CommentModelBuilder.swift */; settings = {ASSET_TAGS = (); }; };
		E80E3BFE1CF0D30D0085ABC3 /* NetworkRequestWithNoInputInteractor.swift in Sources */ = {isa = PBXBuildFile; fileRef = E80E3BFD1CF0D30D0085ABC3 /* NetworkRequestWithNoInputInteractor.swift */; settings = {ASSET_TAGS = (); }; };
		E80E3C031CF205A40085ABC3 /* ModelStore.swift in Sources */ = {isa = PBXBuildFile; fileRef = E80E3C021CF205A40085ABC3 /* ModelStore.swift */; settings = {ASSET_TAGS = (); }; };
		E80E3C051CF210290085ABC3 /* PostsViewController.swift in Sources */ = {isa = PBXBuildFile; fileRef = E80E3C041CF210290085ABC3 /* PostsViewController.swift */; settings = {ASSET_TAGS = (); }; };
		E80E3C111CF211DB0085ABC3 /* ErrorView.swift in Sources */ = {isa = PBXBuildFile; fileRef = E80E3C0A1CF211DB0085ABC3 /* ErrorView.swift */; settings = {ASSET_TAGS = (); }; };
		E80E3C121CF211DB0085ABC3 /* ErrorView.xib in Resources */ = {isa = PBXBuildFile; fileRef = E80E3C0B1CF211DB0085ABC3 /* ErrorView.xib */; settings = {ASSET_TAGS = (); }; };
		E80E3C131CF211DB0085ABC3 /* InterfaceBuilderView.swift in Sources */ = {isa = PBXBuildFile; fileRef = E80E3C0C1CF211DB0085ABC3 /* InterfaceBuilderView.swift */; settings = {ASSET_TAGS = (); }; };
		E80E3C141CF211DB0085ABC3 /* LoadingView.swift in Sources */ = {isa = PBXBuildFile; fileRef = E80E3C0D1CF211DB0085ABC3 /* LoadingView.swift */; settings = {ASSET_TAGS = (); }; };
		E80E3C151CF211DB0085ABC3 /* LoadingView.xib in Resources */ = {isa = PBXBuildFile; fileRef = E80E3C0E1CF211DB0085ABC3 /* LoadingView.xib */; settings = {ASSET_TAGS = (); }; };
		E80E3C171CF213FE0085ABC3 /* PostsTableViewDataSource.swift in Sources */ = {isa = PBXBuildFile; fileRef = E80E3C161CF213FE0085ABC3 /* PostsTableViewDataSource.swift */; settings = {ASSET_TAGS = (); }; };
		E8C321F91CF0BFB5005E4DEF /* AppDelegate.swift in Sources */ = {isa = PBXBuildFile; fileRef = E8C321F81CF0BFB5005E4DEF /* AppDelegate.swift */; };
		E8C321FE1CF0BFB5005E4DEF /* Main.storyboard in Resources */ = {isa = PBXBuildFile; fileRef = E8C321FC1CF0BFB5005E4DEF /* Main.storyboard */; };
		E8C322001CF0BFB5005E4DEF /* Assets.xcassets in Resources */ = {isa = PBXBuildFile; fileRef = E8C321FF1CF0BFB5005E4DEF /* Assets.xcassets */; };
		E8C322031CF0BFB5005E4DEF /* LaunchScreen.storyboard in Resources */ = {isa = PBXBuildFile; fileRef = E8C322011CF0BFB5005E4DEF /* LaunchScreen.storyboard */; };
		E8C3220E1CF0BFB5005E4DEF /* PostsTests.swift in Sources */ = {isa = PBXBuildFile; fileRef = E8C3220D1CF0BFB5005E4DEF /* PostsTests.swift */; };
		E8C322201CF0BFD7005E4DEF /* Infrastructure.h in Sources */ = {isa = PBXBuildFile; fileRef = E8C3221F1CF0BFD7005E4DEF /* Infrastructure.h */; settings = {ATTRIBUTES = (Public, ); }; };
		E8C322271CF0BFD7005E4DEF /* Infrastructure.framework in Frameworks */ = {isa = PBXBuildFile; fileRef = E8C3221D1CF0BFD7005E4DEF /* Infrastructure.framework */; settings = {ASSET_TAGS = (); }; };
		E8C3222E1CF0BFD7005E4DEF /* InfrastructureTests.swift in Sources */ = {isa = PBXBuildFile; fileRef = E8C3222D1CF0BFD7005E4DEF /* InfrastructureTests.swift */; };
		E8C322321CF0BFD7005E4DEF /* Infrastructure.framework in Frameworks */ = {isa = PBXBuildFile; fileRef = E8C3221D1CF0BFD7005E4DEF /* Infrastructure.framework */; };
		E8C322331CF0BFD7005E4DEF /* Infrastructure.framework in Embed Frameworks */ = {isa = PBXBuildFile; fileRef = E8C3221D1CF0BFD7005E4DEF /* Infrastructure.framework */; settings = {ATTRIBUTES = (CodeSignOnCopy, RemoveHeadersOnCopy, ); }; };
		E8C322431CF0BFE3005E4DEF /* Domain.h in Sources */ = {isa = PBXBuildFile; fileRef = E8C322421CF0BFE3005E4DEF /* Domain.h */; settings = {ATTRIBUTES = (Public, ); }; };
		E8C3224A1CF0BFE4005E4DEF /* Domain.framework in Frameworks */ = {isa = PBXBuildFile; fileRef = E8C322401CF0BFE3005E4DEF /* Domain.framework */; settings = {ASSET_TAGS = (); }; };
		E8C322511CF0BFE4005E4DEF /* DomainTests.swift in Sources */ = {isa = PBXBuildFile; fileRef = E8C322501CF0BFE4005E4DEF /* DomainTests.swift */; };
		E8C322551CF0BFE4005E4DEF /* Domain.framework in Frameworks */ = {isa = PBXBuildFile; fileRef = E8C322401CF0BFE3005E4DEF /* Domain.framework */; };
		E8C322561CF0BFE4005E4DEF /* Domain.framework in Embed Frameworks */ = {isa = PBXBuildFile; fileRef = E8C322401CF0BFE3005E4DEF /* Domain.framework */; settings = {ATTRIBUTES = (CodeSignOnCopy, RemoveHeadersOnCopy, ); }; };
		E8C322621CF0C16E005E4DEF /* NetworkRequest.swift in Sources */ = {isa = PBXBuildFile; fileRef = E8C3225D1CF0C16E005E4DEF /* NetworkRequest.swift */; settings = {ASSET_TAGS = (); }; };
		E8C322631CF0C16E005E4DEF /* NetworkRequestDispatcher.swift in Sources */ = {isa = PBXBuildFile; fileRef = E8C3225E1CF0C16E005E4DEF /* NetworkRequestDispatcher.swift */; settings = {ASSET_TAGS = (); }; };
		E8C322641CF0C16E005E4DEF /* NetworkRequestInteractor.swift in Sources */ = {isa = PBXBuildFile; fileRef = E8C3225F1CF0C16E005E4DEF /* NetworkRequestInteractor.swift */; settings = {ASSET_TAGS = (); }; };
		E8C322651CF0C16E005E4DEF /* NetworkRequestInteractorsFactory.swift in Sources */ = {isa = PBXBuildFile; fileRef = E8C322601CF0C16E005E4DEF /* NetworkRequestInteractorsFactory.swift */; settings = {ASSET_TAGS = (); }; };
		E8C322661CF0C16E005E4DEF /* RequestBuilder.swift in Sources */ = {isa = PBXBuildFile; fileRef = E8C322611CF0C16E005E4DEF /* RequestBuilder.swift */; settings = {ASSET_TAGS = (); }; };
		E8C322681CF0C17D005E4DEF /* SwiftyDispatch.framework in Frameworks */ = {isa = PBXBuildFile; fileRef = E8C322671CF0C17D005E4DEF /* SwiftyDispatch.framework */; };
		E8C3226A1CF0C181005E4DEF /* SwiftyJSON.framework in Frameworks */ = {isa = PBXBuildFile; fileRef = E8C322691CF0C181005E4DEF /* SwiftyJSON.framework */; };
		E8C3226D1CF0C244005E4DEF /* PostModel.swift in Sources */ = {isa = PBXBuildFile; fileRef = E8C3226C1CF0C244005E4DEF /* PostModel.swift */; settings = {ASSET_TAGS = (); }; };
		E8C3226F1CF0C24B005E4DEF /* UserModel.swift in Sources */ = {isa = PBXBuildFile; fileRef = E8C3226E1CF0C24B005E4DEF /* UserModel.swift */; settings = {ASSET_TAGS = (); }; };
		E8C322711CF0C254005E4DEF /* CommentModel.swift in Sources */ = {isa = PBXBuildFile; fileRef = E8C322701CF0C254005E4DEF /* CommentModel.swift */; settings = {ASSET_TAGS = (); }; };
		E8C322731CF0C320005E4DEF /* Builder.swift in Sources */ = {isa = PBXBuildFile; fileRef = E8C322721CF0C320005E4DEF /* Builder.swift */; settings = {ASSET_TAGS = (); }; };
		E8C322781CF0C386005E4DEF /* Declarations.swift in Sources */ = {isa = PBXBuildFile; fileRef = E8C322741CF0C385005E4DEF /* Declarations.swift */; settings = {ASSET_TAGS = (); }; };
		E8C322791CF0C386005E4DEF /* Source.swift in Sources */ = {isa = PBXBuildFile; fileRef = E8C322751CF0C386005E4DEF /* Source.swift */; settings = {ASSET_TAGS = (); }; };
		E8C3227B1CF0C386005E4DEF /* Subscribable.swift in Sources */ = {isa = PBXBuildFile; fileRef = E8C322771CF0C386005E4DEF /* Subscribable.swift */; settings = {ASSET_TAGS = (); }; };
		E8C3227E1CF0C40A005E4DEF /* Pods.framework in Frameworks */ = {isa = PBXBuildFile; fileRef = E8C3227D1CF0C40A005E4DEF /* Pods.framework */; };
		E8C322801CF0C4A4005E4DEF /* NetworkingService.swift in Sources */ = {isa = PBXBuildFile; fileRef = E8C3227F1CF0C4A4005E4DEF /* NetworkingService.swift */; settings = {ASSET_TAGS = (); }; };
		E8C322821CF0C4F8005E4DEF /* Interactor.swift in Sources */ = {isa = PBXBuildFile; fileRef = E8C322811CF0C4F8005E4DEF /* Interactor.swift */; settings = {ASSET_TAGS = (); }; };
		E8C322841CF0C526005E4DEF /* ModelBuilder.swift in Sources */ = {isa = PBXBuildFile; fileRef = E8C322831CF0C526005E4DEF /* ModelBuilder.swift */; settings = {ASSET_TAGS = (); }; };
		E8C322861CF0C557005E4DEF /* Domain.framework in Frameworks */ = {isa = PBXBuildFile; fileRef = E8C322401CF0BFE3005E4DEF /* Domain.framework */; };
/* End PBXBuildFile section */

/* Begin PBXContainerItemProxy section */
		E8C3220A1CF0BFB5005E4DEF /* PBXContainerItemProxy */ = {
			isa = PBXContainerItemProxy;
			containerPortal = E8C321ED1CF0BFB5005E4DEF /* Project object */;
			proxyType = 1;
			remoteGlobalIDString = E8C321F41CF0BFB5005E4DEF;
			remoteInfo = Posts;
		};
		E8C322281CF0BFD7005E4DEF /* PBXContainerItemProxy */ = {
			isa = PBXContainerItemProxy;
			containerPortal = E8C321ED1CF0BFB5005E4DEF /* Project object */;
			proxyType = 1;
			remoteGlobalIDString = E8C3221C1CF0BFD7005E4DEF;
			remoteInfo = Infrastructure;
		};
		E8C3222A1CF0BFD7005E4DEF /* PBXContainerItemProxy */ = {
			isa = PBXContainerItemProxy;
			containerPortal = E8C321ED1CF0BFB5005E4DEF /* Project object */;
			proxyType = 1;
			remoteGlobalIDString = E8C321F41CF0BFB5005E4DEF;
			remoteInfo = Posts;
		};
		E8C322301CF0BFD7005E4DEF /* PBXContainerItemProxy */ = {
			isa = PBXContainerItemProxy;
			containerPortal = E8C321ED1CF0BFB5005E4DEF /* Project object */;
			proxyType = 1;
			remoteGlobalIDString = E8C3221C1CF0BFD7005E4DEF;
			remoteInfo = Infrastructure;
		};
		E8C3224B1CF0BFE4005E4DEF /* PBXContainerItemProxy */ = {
			isa = PBXContainerItemProxy;
			containerPortal = E8C321ED1CF0BFB5005E4DEF /* Project object */;
			proxyType = 1;
			remoteGlobalIDString = E8C3223F1CF0BFE3005E4DEF;
			remoteInfo = Domain;
		};
		E8C3224D1CF0BFE4005E4DEF /* PBXContainerItemProxy */ = {
			isa = PBXContainerItemProxy;
			containerPortal = E8C321ED1CF0BFB5005E4DEF /* Project object */;
			proxyType = 1;
			remoteGlobalIDString = E8C321F41CF0BFB5005E4DEF;
			remoteInfo = Posts;
		};
		E8C322531CF0BFE4005E4DEF /* PBXContainerItemProxy */ = {
			isa = PBXContainerItemProxy;
			containerPortal = E8C321ED1CF0BFB5005E4DEF /* Project object */;
			proxyType = 1;
			remoteGlobalIDString = E8C3223F1CF0BFE3005E4DEF;
			remoteInfo = Domain;
		};
/* End PBXContainerItemProxy section */

/* Begin PBXCopyFilesBuildPhase section */
		E8C322371CF0BFD7005E4DEF /* Embed Frameworks */ = {
			isa = PBXCopyFilesBuildPhase;
			buildActionMask = 2147483647;
			dstPath = "";
			dstSubfolderSpec = 10;
			files = (
				E8C322561CF0BFE4005E4DEF /* Domain.framework in Embed Frameworks */,
				E8C322331CF0BFD7005E4DEF /* Infrastructure.framework in Embed Frameworks */,
			);
			name = "Embed Frameworks";
			runOnlyForDeploymentPostprocessing = 0;
		};
/* End PBXCopyFilesBuildPhase section */

/* Begin PBXFileReference section */
		851434F9FD4A306BF38DBA9A /* Pods.framework */ = {isa = PBXFileReference; explicitFileType = wrapper.framework; includeInIndex = 0; path = Pods.framework; sourceTree = BUILT_PRODUCTS_DIR; };
		90FF4EB082BF002B9D0F48A7 /* Pods.debug.xcconfig */ = {isa = PBXFileReference; includeInIndex = 1; lastKnownFileType = text.xcconfig; name = Pods.debug.xcconfig; path = "Pods/Target Support Files/Pods/Pods.debug.xcconfig"; sourceTree = "<group>"; };
		CFE637100B2199F938A153A4 /* Pods.release.xcconfig */ = {isa = PBXFileReference; includeInIndex = 1; lastKnownFileType = text.xcconfig; name = Pods.release.xcconfig; path = "Pods/Target Support Files/Pods/Pods.release.xcconfig"; sourceTree = "<group>"; };
		E80E3BED1CF0C82C0085ABC3 /* PostsRequestBuilder.swift */ = {isa = PBXFileReference; fileEncoding = 4; lastKnownFileType = sourcecode.swift; path = PostsRequestBuilder.swift; sourceTree = "<group>"; };
		E80E3BEF1CF0C9510085ABC3 /* UsersRequestBuilder.swift */ = {isa = PBXFileReference; fileEncoding = 4; lastKnownFileType = sourcecode.swift; path = UsersRequestBuilder.swift; sourceTree = "<group>"; };
		E80E3BF11CF0C9AC0085ABC3 /* CommentsRequestBuilder.swift */ = {isa = PBXFileReference; fileEncoding = 4; lastKnownFileType = sourcecode.swift; path = CommentsRequestBuilder.swift; sourceTree = "<group>"; };
		E80E3BF51CF0CA110085ABC3 /* ArrayModelBuilder.swift */ = {isa = PBXFileReference; fileEncoding = 4; lastKnownFileType = sourcecode.swift; path = ArrayModelBuilder.swift; sourceTree = "<group>"; };
		E80E3BF71CF0CC230085ABC3 /* PostModelBuilder.swift */ = {isa = PBXFileReference; fileEncoding = 4; lastKnownFileType = sourcecode.swift; path = PostModelBuilder.swift; sourceTree = "<group>"; };
		E80E3BF91CF0CDBD0085ABC3 /* UserModelBuilder.swift */ = {isa = PBXFileReference; fileEncoding = 4; lastKnownFileType = sourcecode.swift; path = UserModelBuilder.swift; sourceTree = "<group>"; };
		E80E3BFB1CF0CE7A0085ABC3 /* CommentModelBuilder.swift */ = {isa = PBXFileReference; fileEncoding = 4; lastKnownFileType = sourcecode.swift; path = CommentModelBuilder.swift; sourceTree = "<group>"; };
		E80E3BFD1CF0D30D0085ABC3 /* NetworkRequestWithNoInputInteractor.swift */ = {isa = PBXFileReference; fileEncoding = 4; lastKnownFileType = sourcecode.swift; path = NetworkRequestWithNoInputInteractor.swift; sourceTree = "<group>"; };
		E80E3C021CF205A40085ABC3 /* ModelStore.swift */ = {isa = PBXFileReference; fileEncoding = 4; lastKnownFileType = sourcecode.swift; path = ModelStore.swift; sourceTree = "<group>"; };
		E80E3C041CF210290085ABC3 /* PostsViewController.swift */ = {isa = PBXFileReference; fileEncoding = 4; lastKnownFileType = sourcecode.swift; path = PostsViewController.swift; sourceTree = "<group>"; };
		E80E3C0A1CF211DB0085ABC3 /* ErrorView.swift */ = {isa = PBXFileReference; fileEncoding = 4; lastKnownFileType = sourcecode.swift; path = ErrorView.swift; sourceTree = "<group>"; };
		E80E3C0B1CF211DB0085ABC3 /* ErrorView.xib */ = {isa = PBXFileReference; fileEncoding = 4; lastKnownFileType = file.xib; path = ErrorView.xib; sourceTree = "<group>"; };
		E80E3C0C1CF211DB0085ABC3 /* InterfaceBuilderView.swift */ = {isa = PBXFileReference; fileEncoding = 4; lastKnownFileType = sourcecode.swift; path = InterfaceBuilderView.swift; sourceTree = "<group>"; };
		E80E3C0D1CF211DB0085ABC3 /* LoadingView.swift */ = {isa = PBXFileReference; fileEncoding = 4; lastKnownFileType = sourcecode.swift; path = LoadingView.swift; sourceTree = "<group>"; };
		E80E3C0E1CF211DB0085ABC3 /* LoadingView.xib */ = {isa = PBXFileReference; fileEncoding = 4; lastKnownFileType = file.xib; path = LoadingView.xib; sourceTree = "<group>"; };
		E80E3C161CF213FE0085ABC3 /* PostsTableViewDataSource.swift */ = {isa = PBXFileReference; fileEncoding = 4; lastKnownFileType = sourcecode.swift; path = PostsTableViewDataSource.swift; sourceTree = "<group>"; };
		E8C321F51CF0BFB5005E4DEF /* Posts.app */ = {isa = PBXFileReference; explicitFileType = wrapper.application; includeInIndex = 0; path = Posts.app; sourceTree = BUILT_PRODUCTS_DIR; };
		E8C321F81CF0BFB5005E4DEF /* AppDelegate.swift */ = {isa = PBXFileReference; lastKnownFileType = sourcecode.swift; path = AppDelegate.swift; sourceTree = "<group>"; };
		E8C321FD1CF0BFB5005E4DEF /* Base */ = {isa = PBXFileReference; lastKnownFileType = file.storyboard; name = Base; path = Base.lproj/Main.storyboard; sourceTree = "<group>"; };
		E8C321FF1CF0BFB5005E4DEF /* Assets.xcassets */ = {isa = PBXFileReference; lastKnownFileType = folder.assetcatalog; path = Assets.xcassets; sourceTree = "<group>"; };
		E8C322021CF0BFB5005E4DEF /* Base */ = {isa = PBXFileReference; lastKnownFileType = file.storyboard; name = Base; path = Base.lproj/LaunchScreen.storyboard; sourceTree = "<group>"; };
		E8C322041CF0BFB5005E4DEF /* Info.plist */ = {isa = PBXFileReference; lastKnownFileType = text.plist.xml; path = Info.plist; sourceTree = "<group>"; };
		E8C322091CF0BFB5005E4DEF /* PostsTests.xctest */ = {isa = PBXFileReference; explicitFileType = wrapper.cfbundle; includeInIndex = 0; path = PostsTests.xctest; sourceTree = BUILT_PRODUCTS_DIR; };
		E8C3220D1CF0BFB5005E4DEF /* PostsTests.swift */ = {isa = PBXFileReference; lastKnownFileType = sourcecode.swift; path = PostsTests.swift; sourceTree = "<group>"; };
		E8C3220F1CF0BFB5005E4DEF /* Info.plist */ = {isa = PBXFileReference; lastKnownFileType = text.plist.xml; path = Info.plist; sourceTree = "<group>"; };
		E8C3221D1CF0BFD7005E4DEF /* Infrastructure.framework */ = {isa = PBXFileReference; explicitFileType = wrapper.framework; includeInIndex = 0; path = Infrastructure.framework; sourceTree = BUILT_PRODUCTS_DIR; };
		E8C3221F1CF0BFD7005E4DEF /* Infrastructure.h */ = {isa = PBXFileReference; lastKnownFileType = sourcecode.objj.h; path = Infrastructure.h; sourceTree = "<group>"; };
		E8C322211CF0BFD7005E4DEF /* Info.plist */ = {isa = PBXFileReference; lastKnownFileType = text.plist.xml; path = Info.plist; sourceTree = "<group>"; };
		E8C322261CF0BFD7005E4DEF /* InfrastructureTests.xctest */ = {isa = PBXFileReference; explicitFileType = wrapper.cfbundle; includeInIndex = 0; path = InfrastructureTests.xctest; sourceTree = BUILT_PRODUCTS_DIR; };
		E8C3222D1CF0BFD7005E4DEF /* InfrastructureTests.swift */ = {isa = PBXFileReference; lastKnownFileType = sourcecode.swift; path = InfrastructureTests.swift; sourceTree = "<group>"; };
		E8C3222F1CF0BFD7005E4DEF /* Info.plist */ = {isa = PBXFileReference; lastKnownFileType = text.plist.xml; path = Info.plist; sourceTree = "<group>"; };
		E8C322401CF0BFE3005E4DEF /* Domain.framework */ = {isa = PBXFileReference; explicitFileType = wrapper.framework; includeInIndex = 0; path = Domain.framework; sourceTree = BUILT_PRODUCTS_DIR; };
		E8C322421CF0BFE3005E4DEF /* Domain.h */ = {isa = PBXFileReference; lastKnownFileType = sourcecode.objj.h; path = Domain.h; sourceTree = "<group>"; };
		E8C322441CF0BFE3005E4DEF /* Info.plist */ = {isa = PBXFileReference; lastKnownFileType = text.plist.xml; path = Info.plist; sourceTree = "<group>"; };
		E8C322491CF0BFE4005E4DEF /* DomainTests.xctest */ = {isa = PBXFileReference; explicitFileType = wrapper.cfbundle; includeInIndex = 0; path = DomainTests.xctest; sourceTree = BUILT_PRODUCTS_DIR; };
		E8C322501CF0BFE4005E4DEF /* DomainTests.swift */ = {isa = PBXFileReference; lastKnownFileType = sourcecode.swift; path = DomainTests.swift; sourceTree = "<group>"; };
		E8C322521CF0BFE4005E4DEF /* Info.plist */ = {isa = PBXFileReference; lastKnownFileType = text.plist.xml; path = Info.plist; sourceTree = "<group>"; };
		E8C3225D1CF0C16E005E4DEF /* NetworkRequest.swift */ = {isa = PBXFileReference; fileEncoding = 4; lastKnownFileType = sourcecode.swift; path = NetworkRequest.swift; sourceTree = "<group>"; };
		E8C3225E1CF0C16E005E4DEF /* NetworkRequestDispatcher.swift */ = {isa = PBXFileReference; fileEncoding = 4; lastKnownFileType = sourcecode.swift; path = NetworkRequestDispatcher.swift; sourceTree = "<group>"; };
		E8C3225F1CF0C16E005E4DEF /* NetworkRequestInteractor.swift */ = {isa = PBXFileReference; fileEncoding = 4; lastKnownFileType = sourcecode.swift; path = NetworkRequestInteractor.swift; sourceTree = "<group>"; };
		E8C322601CF0C16E005E4DEF /* NetworkRequestInteractorsFactory.swift */ = {isa = PBXFileReference; fileEncoding = 4; lastKnownFileType = sourcecode.swift; path = NetworkRequestInteractorsFactory.swift; sourceTree = "<group>"; };
		E8C322611CF0C16E005E4DEF /* RequestBuilder.swift */ = {isa = PBXFileReference; fileEncoding = 4; lastKnownFileType = sourcecode.swift; path = RequestBuilder.swift; sourceTree = "<group>"; };
		E8C322671CF0C17D005E4DEF /* SwiftyDispatch.framework */ = {isa = PBXFileReference; lastKnownFileType = wrapper.framework; name = SwiftyDispatch.framework; path = "Pods/../build/Debug-iphoneos/SwiftyDispatch.framework"; sourceTree = "<group>"; };
		E8C322691CF0C181005E4DEF /* SwiftyJSON.framework */ = {isa = PBXFileReference; lastKnownFileType = wrapper.framework; name = SwiftyJSON.framework; path = "Pods/../build/Debug-iphoneos/SwiftyJSON.framework"; sourceTree = "<group>"; };
		E8C3226C1CF0C244005E4DEF /* PostModel.swift */ = {isa = PBXFileReference; fileEncoding = 4; lastKnownFileType = sourcecode.swift; path = PostModel.swift; sourceTree = "<group>"; };
		E8C3226E1CF0C24B005E4DEF /* UserModel.swift */ = {isa = PBXFileReference; fileEncoding = 4; lastKnownFileType = sourcecode.swift; path = UserModel.swift; sourceTree = "<group>"; };
		E8C322701CF0C254005E4DEF /* CommentModel.swift */ = {isa = PBXFileReference; fileEncoding = 4; lastKnownFileType = sourcecode.swift; path = CommentModel.swift; sourceTree = "<group>"; };
		E8C322721CF0C320005E4DEF /* Builder.swift */ = {isa = PBXFileReference; fileEncoding = 4; lastKnownFileType = sourcecode.swift; path = Builder.swift; sourceTree = "<group>"; };
		E8C322741CF0C385005E4DEF /* Declarations.swift */ = {isa = PBXFileReference; fileEncoding = 4; lastKnownFileType = sourcecode.swift; path = Declarations.swift; sourceTree = "<group>"; };
		E8C322751CF0C386005E4DEF /* Source.swift */ = {isa = PBXFileReference; fileEncoding = 4; lastKnownFileType = sourcecode.swift; path = Source.swift; sourceTree = "<group>"; };
		E8C322771CF0C386005E4DEF /* Subscribable.swift */ = {isa = PBXFileReference; fileEncoding = 4; lastKnownFileType = sourcecode.swift; path = Subscribable.swift; sourceTree = "<group>"; };
		E8C3227D1CF0C40A005E4DEF /* Pods.framework */ = {isa = PBXFileReference; lastKnownFileType = wrapper.framework; name = Pods.framework; path = "Pods/../build/Debug-iphoneos/Pods.framework"; sourceTree = "<group>"; };
		E8C3227F1CF0C4A4005E4DEF /* NetworkingService.swift */ = {isa = PBXFileReference; fileEncoding = 4; lastKnownFileType = sourcecode.swift; path = NetworkingService.swift; sourceTree = "<group>"; };
		E8C322811CF0C4F8005E4DEF /* Interactor.swift */ = {isa = PBXFileReference; fileEncoding = 4; lastKnownFileType = sourcecode.swift; path = Interactor.swift; sourceTree = "<group>"; };
		E8C322831CF0C526005E4DEF /* ModelBuilder.swift */ = {isa = PBXFileReference; fileEncoding = 4; lastKnownFileType = sourcecode.swift; path = ModelBuilder.swift; sourceTree = "<group>"; };
/* End PBXFileReference section */

/* Begin PBXFrameworksBuildPhase section */
		E8C321F21CF0BFB5005E4DEF /* Frameworks */ = {
			isa = PBXFrameworksBuildPhase;
			buildActionMask = 2147483647;
			files = (
				E8C322551CF0BFE4005E4DEF /* Domain.framework in Frameworks */,
				E8C322321CF0BFD7005E4DEF /* Infrastructure.framework in Frameworks */,
				D63D8C2DB4C9A9C81A2085C5 /* Pods.framework in Frameworks */,
			);
			runOnlyForDeploymentPostprocessing = 0;
		};
		E8C322061CF0BFB5005E4DEF /* Frameworks */ = {
			isa = PBXFrameworksBuildPhase;
			buildActionMask = 2147483647;
			files = (
			);
			runOnlyForDeploymentPostprocessing = 0;
		};
		E8C322191CF0BFD7005E4DEF /* Frameworks */ = {
			isa = PBXFrameworksBuildPhase;
			buildActionMask = 2147483647;
			files = (
				E8C322861CF0C557005E4DEF /* Domain.framework in Frameworks */,
				E8C3227E1CF0C40A005E4DEF /* Pods.framework in Frameworks */,
				E8C3226A1CF0C181005E4DEF /* SwiftyJSON.framework in Frameworks */,
				E8C322681CF0C17D005E4DEF /* SwiftyDispatch.framework in Frameworks */,
			);
			runOnlyForDeploymentPostprocessing = 0;
		};
		E8C322231CF0BFD7005E4DEF /* Frameworks */ = {
			isa = PBXFrameworksBuildPhase;
			buildActionMask = 2147483647;
			files = (
				E8C322271CF0BFD7005E4DEF /* Infrastructure.framework in Frameworks */,
			);
			runOnlyForDeploymentPostprocessing = 0;
		};
		E8C3223C1CF0BFE3005E4DEF /* Frameworks */ = {
			isa = PBXFrameworksBuildPhase;
			buildActionMask = 2147483647;
			files = (
			);
			runOnlyForDeploymentPostprocessing = 0;
		};
		E8C322461CF0BFE4005E4DEF /* Frameworks */ = {
			isa = PBXFrameworksBuildPhase;
			buildActionMask = 2147483647;
			files = (
				E8C3224A1CF0BFE4005E4DEF /* Domain.framework in Frameworks */,
			);
			runOnlyForDeploymentPostprocessing = 0;
		};
/* End PBXFrameworksBuildPhase section */

/* Begin PBXGroup section */
		0E261F9AB2424F8B02D4E451 /* Pods */ = {
			isa = PBXGroup;
			children = (
				90FF4EB082BF002B9D0F48A7 /* Pods.debug.xcconfig */,
				CFE637100B2199F938A153A4 /* Pods.release.xcconfig */,
			);
			name = Pods;
			sourceTree = "<group>";
		};
		E80E3BF31CF0C9B20085ABC3 /* Requests */ = {
			isa = PBXGroup;
			children = (
				E80E3BED1CF0C82C0085ABC3 /* PostsRequestBuilder.swift */,
				E80E3BEF1CF0C9510085ABC3 /* UsersRequestBuilder.swift */,
				E80E3BF11CF0C9AC0085ABC3 /* CommentsRequestBuilder.swift */,
			);
			name = Requests;
			sourceTree = "<group>";
		};
		E80E3BF41CF0C9E90085ABC3 /* Models */ = {
			isa = PBXGroup;
			children = (
				E80E3BF51CF0CA110085ABC3 /* ArrayModelBuilder.swift */,
				E80E3BF71CF0CC230085ABC3 /* PostModelBuilder.swift */,
				E80E3BF91CF0CDBD0085ABC3 /* UserModelBuilder.swift */,
				E80E3BFB1CF0CE7A0085ABC3 /* CommentModelBuilder.swift */,
			);
			name = Models;
			sourceTree = "<group>";
		};
		E80E3BFF1CF0ED8B0085ABC3 /* Networking */ = {
			isa = PBXGroup;
			children = (
				E8C322601CF0C16E005E4DEF /* NetworkRequestInteractorsFactory.swift */,
				E8C3227F1CF0C4A4005E4DEF /* NetworkingService.swift */,
				E8C3225D1CF0C16E005E4DEF /* NetworkRequest.swift */,
				E8C3225E1CF0C16E005E4DEF /* NetworkRequestDispatcher.swift */,
				E8C3225F1CF0C16E005E4DEF /* NetworkRequestInteractor.swift */,
				E80E3BFD1CF0D30D0085ABC3 /* NetworkRequestWithNoInputInteractor.swift */,
			);
			name = Networking;
			sourceTree = "<group>";
		};
		E80E3C011CF2052C0085ABC3 /* Cache */ = {
			isa = PBXGroup;
			children = (
			);
			name = Cache;
			sourceTree = "<group>";
		};
		E80E3C061CF2105F0085ABC3 /* ViewControllers */ = {
			isa = PBXGroup;
			children = (
				E80E3C041CF210290085ABC3 /* PostsViewController.swift */,
			);
			name = ViewControllers;
			sourceTree = "<group>";
		};
		E80E3C071CF211DB0085ABC3 /* Views */ = {
			isa = PBXGroup;
			children = (
				E80E3C0C1CF211DB0085ABC3 /* InterfaceBuilderView.swift */,
				E80E3C0A1CF211DB0085ABC3 /* ErrorView.swift */,
				E80E3C0B1CF211DB0085ABC3 /* ErrorView.xib */,
				E80E3C0D1CF211DB0085ABC3 /* LoadingView.swift */,
				E80E3C0E1CF211DB0085ABC3 /* LoadingView.xib */,
			);
			path = Views;
			sourceTree = "<group>";
		};
		E8C321EC1CF0BFB5005E4DEF = {
			isa = PBXGroup;
			children = (
				E8C321F71CF0BFB5005E4DEF /* Posts */,
				E8C3220C1CF0BFB5005E4DEF /* PostsTests */,
				E8C322411CF0BFE3005E4DEF /* Domain */,
				E8C3224F1CF0BFE4005E4DEF /* DomainTests */,
				E8C3221E1CF0BFD7005E4DEF /* Infrastructure */,
				E8C3222C1CF0BFD7005E4DEF /* InfrastructureTests */,
				E8C321F61CF0BFB5005E4DEF /* Products */,
				0E261F9AB2424F8B02D4E451 /* Pods */,
				FE91449561FB429EE22954B4 /* Frameworks */,
			);
			sourceTree = "<group>";
		};
		E8C321F61CF0BFB5005E4DEF /* Products */ = {
			isa = PBXGroup;
			children = (
				E8C321F51CF0BFB5005E4DEF /* Posts.app */,
				E8C322091CF0BFB5005E4DEF /* PostsTests.xctest */,
				E8C3221D1CF0BFD7005E4DEF /* Infrastructure.framework */,
				E8C322261CF0BFD7005E4DEF /* InfrastructureTests.xctest */,
				E8C322401CF0BFE3005E4DEF /* Domain.framework */,
				E8C322491CF0BFE4005E4DEF /* DomainTests.xctest */,
			);
			name = Products;
			sourceTree = "<group>";
		};
		E8C321F71CF0BFB5005E4DEF /* Posts */ = {
			isa = PBXGroup;
			children = (
				E8C321F81CF0BFB5005E4DEF /* AppDelegate.swift */,
				E80E3C071CF211DB0085ABC3 /* Views */,
				E80E3C061CF2105F0085ABC3 /* ViewControllers */,
				E8C321FC1CF0BFB5005E4DEF /* Main.storyboard */,
				E8C321FF1CF0BFB5005E4DEF /* Assets.xcassets */,
				E8C322011CF0BFB5005E4DEF /* LaunchScreen.storyboard */,
				E8C322041CF0BFB5005E4DEF /* Info.plist */,
				E80E3C161CF213FE0085ABC3 /* PostsTableViewDataSource.swift */,
			);
			path = Posts;
			sourceTree = "<group>";
		};
		E8C3220C1CF0BFB5005E4DEF /* PostsTests */ = {
			isa = PBXGroup;
			children = (
				E8C3220D1CF0BFB5005E4DEF /* PostsTests.swift */,
				E8C3220F1CF0BFB5005E4DEF /* Info.plist */,
			);
			path = PostsTests;
			sourceTree = "<group>";
		};
		E8C3221E1CF0BFD7005E4DEF /* Infrastructure */ = {
			isa = PBXGroup;
			children = (
				E80E3C011CF2052C0085ABC3 /* Cache */,
				E80E3BFF1CF0ED8B0085ABC3 /* Networking */,
				E8C322851CF0C52B005E4DEF /* Builders */,
				E8C3221F1CF0BFD7005E4DEF /* Infrastructure.h */,
				E8C322211CF0BFD7005E4DEF /* Info.plist */,
			);
			path = Infrastructure;
			sourceTree = "<group>";
		};
		E8C3222C1CF0BFD7005E4DEF /* InfrastructureTests */ = {
			isa = PBXGroup;
			children = (
				E8C3222D1CF0BFD7005E4DEF /* InfrastructureTests.swift */,
				E8C3222F1CF0BFD7005E4DEF /* Info.plist */,
			);
			path = InfrastructureTests;
			sourceTree = "<group>";
		};
		E8C322411CF0BFE3005E4DEF /* Domain */ = {
			isa = PBXGroup;
			children = (
				E8C3227C1CF0C39E005E4DEF /* Base Types */,
				E8C3226B1CF0C22A005E4DEF /* Models */,
				E8C322421CF0BFE3005E4DEF /* Domain.h */,
				E8C322441CF0BFE3005E4DEF /* Info.plist */,
				E80E3C021CF205A40085ABC3 /* ModelStore.swift */,
			);
			path = Domain;
			sourceTree = "<group>";
		};
		E8C3224F1CF0BFE4005E4DEF /* DomainTests */ = {
			isa = PBXGroup;
			children = (
				E8C322501CF0BFE4005E4DEF /* DomainTests.swift */,
				E8C322521CF0BFE4005E4DEF /* Info.plist */,
			);
			path = DomainTests;
			sourceTree = "<group>";
		};
		E8C3226B1CF0C22A005E4DEF /* Models */ = {
			isa = PBXGroup;
			children = (
				E8C3226C1CF0C244005E4DEF /* PostModel.swift */,
				E8C3226E1CF0C24B005E4DEF /* UserModel.swift */,
				E8C322701CF0C254005E4DEF /* CommentModel.swift */,
			);
			name = Models;
			sourceTree = "<group>";
		};
		E8C3227C1CF0C39E005E4DEF /* Base Types */ = {
			isa = PBXGroup;
			children = (
				E8C322811CF0C4F8005E4DEF /* Interactor.swift */,
				E8C322741CF0C385005E4DEF /* Declarations.swift */,
				E8C322771CF0C386005E4DEF /* Subscribable.swift */,
				E8C322721CF0C320005E4DEF /* Builder.swift */,
				E8C322751CF0C386005E4DEF /* Source.swift */,
			);
			name = "Base Types";
			sourceTree = "<group>";
		};
		E8C322851CF0C52B005E4DEF /* Builders */ = {
			isa = PBXGroup;
			children = (
				E8C322611CF0C16E005E4DEF /* RequestBuilder.swift */,
				E8C322831CF0C526005E4DEF /* ModelBuilder.swift */,
				E80E3BF31CF0C9B20085ABC3 /* Requests */,
				E80E3BF41CF0C9E90085ABC3 /* Models */,
			);
			name = Builders;
			sourceTree = "<group>";
		};
		FE91449561FB429EE22954B4 /* Frameworks */ = {
			isa = PBXGroup;
			children = (
				E8C3227D1CF0C40A005E4DEF /* Pods.framework */,
				E8C322691CF0C181005E4DEF /* SwiftyJSON.framework */,
				E8C322671CF0C17D005E4DEF /* SwiftyDispatch.framework */,
				851434F9FD4A306BF38DBA9A /* Pods.framework */,
			);
			name = Frameworks;
			sourceTree = "<group>";
		};
/* End PBXGroup section */

/* Begin PBXHeadersBuildPhase section */
		E8C3221A1CF0BFD7005E4DEF /* Headers */ = {
			isa = PBXHeadersBuildPhase;
			buildActionMask = 2147483647;
			files = (
			);
			runOnlyForDeploymentPostprocessing = 0;
		};
		E8C3223D1CF0BFE3005E4DEF /* Headers */ = {
			isa = PBXHeadersBuildPhase;
			buildActionMask = 2147483647;
			files = (
			);
			runOnlyForDeploymentPostprocessing = 0;
		};
/* End PBXHeadersBuildPhase section */

/* Begin PBXNativeTarget section */
		E8C321F41CF0BFB5005E4DEF /* Posts */ = {
			isa = PBXNativeTarget;
			buildConfigurationList = E8C322121CF0BFB5005E4DEF /* Build configuration list for PBXNativeTarget "Posts" */;
			buildPhases = (
				9C9ADFBA157799CF314D287C /* Check Pods Manifest.lock */,
				E8C321F11CF0BFB5005E4DEF /* Sources */,
				E8C321F21CF0BFB5005E4DEF /* Frameworks */,
				E8C321F31CF0BFB5005E4DEF /* Resources */,
				E8C322371CF0BFD7005E4DEF /* Embed Frameworks */,
				001D19346C30C5DC4C26DDB3 /* Embed Pods Frameworks */,
				7278C95B6DA38E986D0C9C9F /* Copy Pods Resources */,
			);
			buildRules = (
			);
			dependencies = (
				E8C322311CF0BFD7005E4DEF /* PBXTargetDependency */,
				E8C322541CF0BFE4005E4DEF /* PBXTargetDependency */,
			);
			name = Posts;
			productName = Posts;
			productReference = E8C321F51CF0BFB5005E4DEF /* Posts.app */;
			productType = "com.apple.product-type.application";
		};
		E8C322081CF0BFB5005E4DEF /* PostsTests */ = {
			isa = PBXNativeTarget;
			buildConfigurationList = E8C322151CF0BFB5005E4DEF /* Build configuration list for PBXNativeTarget "PostsTests" */;
			buildPhases = (
				E8C322051CF0BFB5005E4DEF /* Sources */,
				E8C322061CF0BFB5005E4DEF /* Frameworks */,
				E8C322071CF0BFB5005E4DEF /* Resources */,
			);
			buildRules = (
			);
			dependencies = (
				E8C3220B1CF0BFB5005E4DEF /* PBXTargetDependency */,
			);
			name = PostsTests;
			productName = PostsTests;
			productReference = E8C322091CF0BFB5005E4DEF /* PostsTests.xctest */;
			productType = "com.apple.product-type.bundle.unit-test";
		};
		E8C3221C1CF0BFD7005E4DEF /* Infrastructure */ = {
			isa = PBXNativeTarget;
			buildConfigurationList = E8C322341CF0BFD7005E4DEF /* Build configuration list for PBXNativeTarget "Infrastructure" */;
			buildPhases = (
				E8C322181CF0BFD7005E4DEF /* Sources */,
				E8C322191CF0BFD7005E4DEF /* Frameworks */,
				E8C3221A1CF0BFD7005E4DEF /* Headers */,
				E8C3221B1CF0BFD7005E4DEF /* Resources */,
			);
			buildRules = (
			);
			dependencies = (
			);
			name = Infrastructure;
			productName = Infrastructure;
			productReference = E8C3221D1CF0BFD7005E4DEF /* Infrastructure.framework */;
			productType = "com.apple.product-type.framework";
		};
		E8C322251CF0BFD7005E4DEF /* InfrastructureTests */ = {
			isa = PBXNativeTarget;
			buildConfigurationList = E8C322381CF0BFD7005E4DEF /* Build configuration list for PBXNativeTarget "InfrastructureTests" */;
			buildPhases = (
				E8C322221CF0BFD7005E4DEF /* Sources */,
				E8C322231CF0BFD7005E4DEF /* Frameworks */,
				E8C322241CF0BFD7005E4DEF /* Resources */,
			);
			buildRules = (
			);
			dependencies = (
				E8C322291CF0BFD7005E4DEF /* PBXTargetDependency */,
				E8C3222B1CF0BFD7005E4DEF /* PBXTargetDependency */,
			);
			name = InfrastructureTests;
			productName = InfrastructureTests;
			productReference = E8C322261CF0BFD7005E4DEF /* InfrastructureTests.xctest */;
			productType = "com.apple.product-type.bundle.unit-test";
		};
		E8C3223F1CF0BFE3005E4DEF /* Domain */ = {
			isa = PBXNativeTarget;
			buildConfigurationList = E8C322571CF0BFE4005E4DEF /* Build configuration list for PBXNativeTarget "Domain" */;
			buildPhases = (
				E8C3223B1CF0BFE3005E4DEF /* Sources */,
				E8C3223C1CF0BFE3005E4DEF /* Frameworks */,
				E8C3223D1CF0BFE3005E4DEF /* Headers */,
				E8C3223E1CF0BFE3005E4DEF /* Resources */,
			);
			buildRules = (
			);
			dependencies = (
			);
			name = Domain;
			productName = Domain;
			productReference = E8C322401CF0BFE3005E4DEF /* Domain.framework */;
			productType = "com.apple.product-type.framework";
		};
		E8C322481CF0BFE4005E4DEF /* DomainTests */ = {
			isa = PBXNativeTarget;
			buildConfigurationList = E8C3225A1CF0BFE4005E4DEF /* Build configuration list for PBXNativeTarget "DomainTests" */;
			buildPhases = (
				E8C322451CF0BFE4005E4DEF /* Sources */,
				E8C322461CF0BFE4005E4DEF /* Frameworks */,
				E8C322471CF0BFE4005E4DEF /* Resources */,
			);
			buildRules = (
			);
			dependencies = (
				E8C3224C1CF0BFE4005E4DEF /* PBXTargetDependency */,
				E8C3224E1CF0BFE4005E4DEF /* PBXTargetDependency */,
			);
			name = DomainTests;
			productName = DomainTests;
			productReference = E8C322491CF0BFE4005E4DEF /* DomainTests.xctest */;
			productType = "com.apple.product-type.bundle.unit-test";
		};
/* End PBXNativeTarget section */

/* Begin PBXProject section */
		E8C321ED1CF0BFB5005E4DEF /* Project object */ = {
			isa = PBXProject;
			attributes = {
				LastSwiftUpdateCheck = 0700;
				LastUpgradeCheck = 0700;
				ORGANIZATIONNAME = Rzeczy;
				TargetAttributes = {
					E8C321F41CF0BFB5005E4DEF = {
						CreatedOnToolsVersion = 7.0.1;
					};
					E8C322081CF0BFB5005E4DEF = {
						CreatedOnToolsVersion = 7.0.1;
						TestTargetID = E8C321F41CF0BFB5005E4DEF;
					};
					E8C3221C1CF0BFD7005E4DEF = {
						CreatedOnToolsVersion = 7.0.1;
					};
					E8C322251CF0BFD7005E4DEF = {
						CreatedOnToolsVersion = 7.0.1;
						TestTargetID = E8C321F41CF0BFB5005E4DEF;
					};
					E8C3223F1CF0BFE3005E4DEF = {
						CreatedOnToolsVersion = 7.0.1;
					};
					E8C322481CF0BFE4005E4DEF = {
						CreatedOnToolsVersion = 7.0.1;
						TestTargetID = E8C321F41CF0BFB5005E4DEF;
					};
				};
			};
			buildConfigurationList = E8C321F01CF0BFB5005E4DEF /* Build configuration list for PBXProject "Posts" */;
			compatibilityVersion = "Xcode 3.2";
			developmentRegion = English;
			hasScannedForEncodings = 0;
			knownRegions = (
				en,
				Base,
			);
			mainGroup = E8C321EC1CF0BFB5005E4DEF;
			productRefGroup = E8C321F61CF0BFB5005E4DEF /* Products */;
			projectDirPath = "";
			projectRoot = "";
			targets = (
				E8C321F41CF0BFB5005E4DEF /* Posts */,
				E8C322081CF0BFB5005E4DEF /* PostsTests */,
				E8C3221C1CF0BFD7005E4DEF /* Infrastructure */,
				E8C322251CF0BFD7005E4DEF /* InfrastructureTests */,
				E8C3223F1CF0BFE3005E4DEF /* Domain */,
				E8C322481CF0BFE4005E4DEF /* DomainTests */,
			);
		};
/* End PBXProject section */

/* Begin PBXResourcesBuildPhase section */
		E8C321F31CF0BFB5005E4DEF /* Resources */ = {
			isa = PBXResourcesBuildPhase;
			buildActionMask = 2147483647;
			files = (
				E8C322031CF0BFB5005E4DEF /* LaunchScreen.storyboard in Resources */,
				E8C322001CF0BFB5005E4DEF /* Assets.xcassets in Resources */,
				E80E3C151CF211DB0085ABC3 /* LoadingView.xib in Resources */,
				E8C321FE1CF0BFB5005E4DEF /* Main.storyboard in Resources */,
				E80E3C121CF211DB0085ABC3 /* ErrorView.xib in Resources */,
			);
			runOnlyForDeploymentPostprocessing = 0;
		};
		E8C322071CF0BFB5005E4DEF /* Resources */ = {
			isa = PBXResourcesBuildPhase;
			buildActionMask = 2147483647;
			files = (
			);
			runOnlyForDeploymentPostprocessing = 0;
		};
		E8C3221B1CF0BFD7005E4DEF /* Resources */ = {
			isa = PBXResourcesBuildPhase;
			buildActionMask = 2147483647;
			files = (
			);
			runOnlyForDeploymentPostprocessing = 0;
		};
		E8C322241CF0BFD7005E4DEF /* Resources */ = {
			isa = PBXResourcesBuildPhase;
			buildActionMask = 2147483647;
			files = (
			);
			runOnlyForDeploymentPostprocessing = 0;
		};
		E8C3223E1CF0BFE3005E4DEF /* Resources */ = {
			isa = PBXResourcesBuildPhase;
			buildActionMask = 2147483647;
			files = (
			);
			runOnlyForDeploymentPostprocessing = 0;
		};
		E8C322471CF0BFE4005E4DEF /* Resources */ = {
			isa = PBXResourcesBuildPhase;
			buildActionMask = 2147483647;
			files = (
			);
			runOnlyForDeploymentPostprocessing = 0;
		};
/* End PBXResourcesBuildPhase section */

/* Begin PBXShellScriptBuildPhase section */
		001D19346C30C5DC4C26DDB3 /* Embed Pods Frameworks */ = {
			isa = PBXShellScriptBuildPhase;
			buildActionMask = 2147483647;
			files = (
			);
			inputPaths = (
			);
			name = "Embed Pods Frameworks";
			outputPaths = (
			);
			runOnlyForDeploymentPostprocessing = 0;
			shellPath = /bin/sh;
			shellScript = "\"${SRCROOT}/Pods/Target Support Files/Pods/Pods-frameworks.sh\"\n";
			showEnvVarsInLog = 0;
		};
		7278C95B6DA38E986D0C9C9F /* Copy Pods Resources */ = {
			isa = PBXShellScriptBuildPhase;
			buildActionMask = 2147483647;
			files = (
			);
			inputPaths = (
			);
			name = "Copy Pods Resources";
			outputPaths = (
			);
			runOnlyForDeploymentPostprocessing = 0;
			shellPath = /bin/sh;
			shellScript = "\"${SRCROOT}/Pods/Target Support Files/Pods/Pods-resources.sh\"\n";
			showEnvVarsInLog = 0;
		};
		9C9ADFBA157799CF314D287C /* Check Pods Manifest.lock */ = {
			isa = PBXShellScriptBuildPhase;
			buildActionMask = 2147483647;
			files = (
			);
			inputPaths = (
			);
			name = "Check Pods Manifest.lock";
			outputPaths = (
			);
			runOnlyForDeploymentPostprocessing = 0;
			shellPath = /bin/sh;
			shellScript = "diff \"${PODS_ROOT}/../Podfile.lock\" \"${PODS_ROOT}/Manifest.lock\" > /dev/null\nif [[ $? != 0 ]] ; then\n    cat << EOM\nerror: The sandbox is not in sync with the Podfile.lock. Run 'pod install' or update your CocoaPods installation.\nEOM\n    exit 1\nfi\n";
			showEnvVarsInLog = 0;
		};
/* End PBXShellScriptBuildPhase section */

/* Begin PBXSourcesBuildPhase section */
		E8C321F11CF0BFB5005E4DEF /* Sources */ = {
			isa = PBXSourcesBuildPhase;
			buildActionMask = 2147483647;
			files = (
				E80E3C171CF213FE0085ABC3 /* PostsTableViewDataSource.swift in Sources */,
				E80E3C051CF210290085ABC3 /* PostsViewController.swift in Sources */,
				E8C321F91CF0BFB5005E4DEF /* AppDelegate.swift in Sources */,
				E80E3C131CF211DB0085ABC3 /* InterfaceBuilderView.swift in Sources */,
				E80E3C111CF211DB0085ABC3 /* ErrorView.swift in Sources */,
				E80E3C141CF211DB0085ABC3 /* LoadingView.swift in Sources */,
			);
			runOnlyForDeploymentPostprocessing = 0;
		};
		E8C322051CF0BFB5005E4DEF /* Sources */ = {
			isa = PBXSourcesBuildPhase;
			buildActionMask = 2147483647;
			files = (
				E8C3220E1CF0BFB5005E4DEF /* PostsTests.swift in Sources */,
			);
			runOnlyForDeploymentPostprocessing = 0;
		};
		E8C322181CF0BFD7005E4DEF /* Sources */ = {
			isa = PBXSourcesBuildPhase;
			buildActionMask = 2147483647;
			files = (
				E8C322661CF0C16E005E4DEF /* RequestBuilder.swift in Sources */,
				E8C322651CF0C16E005E4DEF /* NetworkRequestInteractorsFactory.swift in Sources */,
				E80E3BFE1CF0D30D0085ABC3 /* NetworkRequestWithNoInputInteractor.swift in Sources */,
				E8C322431CF0BFE3005E4DEF /* Domain.h in Sources */,
				E80E3BEE1CF0C82C0085ABC3 /* PostsRequestBuilder.swift in Sources */,
				E8C322801CF0C4A4005E4DEF /* NetworkingService.swift in Sources */,
				E80E3BF61CF0CA110085ABC3 /* ArrayModelBuilder.swift in Sources */,
				E80E3BF21CF0C9AC0085ABC3 /* CommentsRequestBuilder.swift in Sources */,
				E8C322641CF0C16E005E4DEF /* NetworkRequestInteractor.swift in Sources */,
				E8C322621CF0C16E005E4DEF /* NetworkRequest.swift in Sources */,
				E80E3BF01CF0C9510085ABC3 /* UsersRequestBuilder.swift in Sources */,
				E8C322841CF0C526005E4DEF /* ModelBuilder.swift in Sources */,
				E80E3BFA1CF0CDBD0085ABC3 /* UserModelBuilder.swift in Sources */,
				E8C322201CF0BFD7005E4DEF /* Infrastructure.h in Sources */,
				E8C322631CF0C16E005E4DEF /* NetworkRequestDispatcher.swift in Sources */,
				E80E3BF81CF0CC230085ABC3 /* PostModelBuilder.swift in Sources */,
				E80E3BFC1CF0CE7A0085ABC3 /* CommentModelBuilder.swift in Sources */,
			);
			runOnlyForDeploymentPostprocessing = 0;
		};
		E8C322221CF0BFD7005E4DEF /* Sources */ = {
			isa = PBXSourcesBuildPhase;
			buildActionMask = 2147483647;
			files = (
				E8C3222E1CF0BFD7005E4DEF /* InfrastructureTests.swift in Sources */,
			);
			runOnlyForDeploymentPostprocessing = 0;
		};
		E8C3223B1CF0BFE3005E4DEF /* Sources */ = {
			isa = PBXSourcesBuildPhase;
			buildActionMask = 2147483647;
			files = (
				E8C322781CF0C386005E4DEF /* Declarations.swift in Sources */,
				E8C3226F1CF0C24B005E4DEF /* UserModel.swift in Sources */,
				E8C322821CF0C4F8005E4DEF /* Interactor.swift in Sources */,
				E8C322791CF0C386005E4DEF /* Source.swift in Sources */,
				E80E3C031CF205A40085ABC3 /* ModelStore.swift in Sources */,
				E8C322711CF0C254005E4DEF /* CommentModel.swift in Sources */,
				E8C3226D1CF0C244005E4DEF /* PostModel.swift in Sources */,
				E8C3227B1CF0C386005E4DEF /* Subscribable.swift in Sources */,
				E8C322731CF0C320005E4DEF /* Builder.swift in Sources */,
			);
			runOnlyForDeploymentPostprocessing = 0;
		};
		E8C322451CF0BFE4005E4DEF /* Sources */ = {
			isa = PBXSourcesBuildPhase;
			buildActionMask = 2147483647;
			files = (
				E8C322511CF0BFE4005E4DEF /* DomainTests.swift in Sources */,
			);
			runOnlyForDeploymentPostprocessing = 0;
		};
/* End PBXSourcesBuildPhase section */

/* Begin PBXTargetDependency section */
		E8C3220B1CF0BFB5005E4DEF /* PBXTargetDependency */ = {
			isa = PBXTargetDependency;
			target = E8C321F41CF0BFB5005E4DEF /* Posts */;
			targetProxy = E8C3220A1CF0BFB5005E4DEF /* PBXContainerItemProxy */;
		};
		E8C322291CF0BFD7005E4DEF /* PBXTargetDependency */ = {
			isa = PBXTargetDependency;
			target = E8C3221C1CF0BFD7005E4DEF /* Infrastructure */;
			targetProxy = E8C322281CF0BFD7005E4DEF /* PBXContainerItemProxy */;
		};
		E8C3222B1CF0BFD7005E4DEF /* PBXTargetDependency */ = {
			isa = PBXTargetDependency;
			target = E8C321F41CF0BFB5005E4DEF /* Posts */;
			targetProxy = E8C3222A1CF0BFD7005E4DEF /* PBXContainerItemProxy */;
		};
		E8C322311CF0BFD7005E4DEF /* PBXTargetDependency */ = {
			isa = PBXTargetDependency;
			target = E8C3221C1CF0BFD7005E4DEF /* Infrastructure */;
			targetProxy = E8C322301CF0BFD7005E4DEF /* PBXContainerItemProxy */;
		};
		E8C3224C1CF0BFE4005E4DEF /* PBXTargetDependency */ = {
			isa = PBXTargetDependency;
			target = E8C3223F1CF0BFE3005E4DEF /* Domain */;
			targetProxy = E8C3224B1CF0BFE4005E4DEF /* PBXContainerItemProxy */;
		};
		E8C3224E1CF0BFE4005E4DEF /* PBXTargetDependency */ = {
			isa = PBXTargetDependency;
			target = E8C321F41CF0BFB5005E4DEF /* Posts */;
			targetProxy = E8C3224D1CF0BFE4005E4DEF /* PBXContainerItemProxy */;
		};
		E8C322541CF0BFE4005E4DEF /* PBXTargetDependency */ = {
			isa = PBXTargetDependency;
			target = E8C3223F1CF0BFE3005E4DEF /* Domain */;
			targetProxy = E8C322531CF0BFE4005E4DEF /* PBXContainerItemProxy */;
		};
/* End PBXTargetDependency section */

/* Begin PBXVariantGroup section */
		E8C321FC1CF0BFB5005E4DEF /* Main.storyboard */ = {
			isa = PBXVariantGroup;
			children = (
				E8C321FD1CF0BFB5005E4DEF /* Base */,
			);
			name = Main.storyboard;
			sourceTree = "<group>";
		};
		E8C322011CF0BFB5005E4DEF /* LaunchScreen.storyboard */ = {
			isa = PBXVariantGroup;
			children = (
				E8C322021CF0BFB5005E4DEF /* Base */,
			);
			name = LaunchScreen.storyboard;
			sourceTree = "<group>";
		};
/* End PBXVariantGroup section */

/* Begin XCBuildConfiguration section */
		E8C322101CF0BFB5005E4DEF /* Debug */ = {
			isa = XCBuildConfiguration;
			buildSettings = {
				ALWAYS_SEARCH_USER_PATHS = NO;
				CLANG_CXX_LANGUAGE_STANDARD = "gnu++0x";
				CLANG_CXX_LIBRARY = "libc++";
				CLANG_ENABLE_MODULES = YES;
				CLANG_ENABLE_OBJC_ARC = YES;
				CLANG_WARN_BOOL_CONVERSION = YES;
				CLANG_WARN_CONSTANT_CONVERSION = YES;
				CLANG_WARN_DIRECT_OBJC_ISA_USAGE = YES_ERROR;
				CLANG_WARN_EMPTY_BODY = YES;
				CLANG_WARN_ENUM_CONVERSION = YES;
				CLANG_WARN_INT_CONVERSION = YES;
				CLANG_WARN_OBJC_ROOT_CLASS = YES_ERROR;
				CLANG_WARN_UNREACHABLE_CODE = YES;
				CLANG_WARN__DUPLICATE_METHOD_MATCH = YES;
				"CODE_SIGN_IDENTITY[sdk=iphoneos*]" = "iPhone Developer";
				COPY_PHASE_STRIP = NO;
				DEBUG_INFORMATION_FORMAT = dwarf;
				ENABLE_STRICT_OBJC_MSGSEND = YES;
				ENABLE_TESTABILITY = YES;
				GCC_C_LANGUAGE_STANDARD = gnu99;
				GCC_DYNAMIC_NO_PIC = NO;
				GCC_NO_COMMON_BLOCKS = YES;
				GCC_OPTIMIZATION_LEVEL = 0;
				GCC_PREPROCESSOR_DEFINITIONS = (
					"DEBUG=1",
					"$(inherited)",
				);
				GCC_WARN_64_TO_32_BIT_CONVERSION = YES;
				GCC_WARN_ABOUT_RETURN_TYPE = YES_ERROR;
				GCC_WARN_UNDECLARED_SELECTOR = YES;
				GCC_WARN_UNINITIALIZED_AUTOS = YES_AGGRESSIVE;
				GCC_WARN_UNUSED_FUNCTION = YES;
				GCC_WARN_UNUSED_VARIABLE = YES;
				IPHONEOS_DEPLOYMENT_TARGET = 9.0;
				MTL_ENABLE_DEBUG_INFO = YES;
				ONLY_ACTIVE_ARCH = YES;
				SDKROOT = iphoneos;
				SWIFT_OPTIMIZATION_LEVEL = "-Onone";
			};
			name = Debug;
		};
		E8C322111CF0BFB5005E4DEF /* Release */ = {
			isa = XCBuildConfiguration;
			buildSettings = {
				ALWAYS_SEARCH_USER_PATHS = NO;
				CLANG_CXX_LANGUAGE_STANDARD = "gnu++0x";
				CLANG_CXX_LIBRARY = "libc++";
				CLANG_ENABLE_MODULES = YES;
				CLANG_ENABLE_OBJC_ARC = YES;
				CLANG_WARN_BOOL_CONVERSION = YES;
				CLANG_WARN_CONSTANT_CONVERSION = YES;
				CLANG_WARN_DIRECT_OBJC_ISA_USAGE = YES_ERROR;
				CLANG_WARN_EMPTY_BODY = YES;
				CLANG_WARN_ENUM_CONVERSION = YES;
				CLANG_WARN_INT_CONVERSION = YES;
				CLANG_WARN_OBJC_ROOT_CLASS = YES_ERROR;
				CLANG_WARN_UNREACHABLE_CODE = YES;
				CLANG_WARN__DUPLICATE_METHOD_MATCH = YES;
				"CODE_SIGN_IDENTITY[sdk=iphoneos*]" = "iPhone Developer";
				COPY_PHASE_STRIP = NO;
				DEBUG_INFORMATION_FORMAT = "dwarf-with-dsym";
				ENABLE_NS_ASSERTIONS = NO;
				ENABLE_STRICT_OBJC_MSGSEND = YES;
				GCC_C_LANGUAGE_STANDARD = gnu99;
				GCC_NO_COMMON_BLOCKS = YES;
				GCC_WARN_64_TO_32_BIT_CONVERSION = YES;
				GCC_WARN_ABOUT_RETURN_TYPE = YES_ERROR;
				GCC_WARN_UNDECLARED_SELECTOR = YES;
				GCC_WARN_UNINITIALIZED_AUTOS = YES_AGGRESSIVE;
				GCC_WARN_UNUSED_FUNCTION = YES;
				GCC_WARN_UNUSED_VARIABLE = YES;
				IPHONEOS_DEPLOYMENT_TARGET = 9.0;
				MTL_ENABLE_DEBUG_INFO = NO;
				SDKROOT = iphoneos;
				VALIDATE_PRODUCT = YES;
			};
			name = Release;
		};
		E8C322131CF0BFB5005E4DEF /* Debug */ = {
			isa = XCBuildConfiguration;
			baseConfigurationReference = 90FF4EB082BF002B9D0F48A7 /* Pods.debug.xcconfig */;
			buildSettings = {
				ASSETCATALOG_COMPILER_APPICON_NAME = AppIcon;
				EMBEDDED_CONTENT_CONTAINS_SWIFT = YES;
				INFOPLIST_FILE = Posts/Info.plist;
				LD_RUNPATH_SEARCH_PATHS = "$(inherited) @executable_path/Frameworks";
				PRODUCT_BUNDLE_IDENTIFIER = com.rzeczy.Posts;
				PRODUCT_NAME = "$(TARGET_NAME)";
			};
			name = Debug;
		};
		E8C322141CF0BFB5005E4DEF /* Release */ = {
			isa = XCBuildConfiguration;
			baseConfigurationReference = CFE637100B2199F938A153A4 /* Pods.release.xcconfig */;
			buildSettings = {
				ASSETCATALOG_COMPILER_APPICON_NAME = AppIcon;
				EMBEDDED_CONTENT_CONTAINS_SWIFT = YES;
				INFOPLIST_FILE = Posts/Info.plist;
				LD_RUNPATH_SEARCH_PATHS = "$(inherited) @executable_path/Frameworks";
				PRODUCT_BUNDLE_IDENTIFIER = com.rzeczy.Posts;
				PRODUCT_NAME = "$(TARGET_NAME)";
			};
			name = Release;
		};
		E8C322161CF0BFB5005E4DEF /* Debug */ = {
			isa = XCBuildConfiguration;
			buildSettings = {
				BUNDLE_LOADER = "$(TEST_HOST)";
				INFOPLIST_FILE = PostsTests/Info.plist;
				LD_RUNPATH_SEARCH_PATHS = "$(inherited) @executable_path/Frameworks @loader_path/Frameworks";
				PRODUCT_BUNDLE_IDENTIFIER = com.rzeczy.PostsTests;
				PRODUCT_NAME = "$(TARGET_NAME)";
				TEST_HOST = "$(BUILT_PRODUCTS_DIR)/Posts.app/Posts";
			};
			name = Debug;
		};
		E8C322171CF0BFB5005E4DEF /* Release */ = {
			isa = XCBuildConfiguration;
			buildSettings = {
				BUNDLE_LOADER = "$(TEST_HOST)";
				INFOPLIST_FILE = PostsTests/Info.plist;
				LD_RUNPATH_SEARCH_PATHS = "$(inherited) @executable_path/Frameworks @loader_path/Frameworks";
				PRODUCT_BUNDLE_IDENTIFIER = com.rzeczy.PostsTests;
				PRODUCT_NAME = "$(TARGET_NAME)";
				TEST_HOST = "$(BUILT_PRODUCTS_DIR)/Posts.app/Posts";
			};
			name = Release;
		};
		E8C322351CF0BFD7005E4DEF /* Debug */ = {
			isa = XCBuildConfiguration;
			buildSettings = {
				CURRENT_PROJECT_VERSION = 1;
				DEFINES_MODULE = YES;
				DYLIB_COMPATIBILITY_VERSION = 1;
				DYLIB_CURRENT_VERSION = 1;
				DYLIB_INSTALL_NAME_BASE = "@rpath";
				FRAMEWORK_SEARCH_PATHS = (
					"$(inherited)",
					"$(PROJECT_DIR)/build/Debug-iphoneos",
				);
				INFOPLIST_FILE = Infrastructure/Info.plist;
				INSTALL_PATH = "$(LOCAL_LIBRARY_DIR)/Frameworks";
				LD_RUNPATH_SEARCH_PATHS = "$(inherited) @executable_path/Frameworks @loader_path/Frameworks";
				PRODUCT_BUNDLE_IDENTIFIER = com.rzeczy.Infrastructure;
				PRODUCT_NAME = "$(TARGET_NAME)";
				SKIP_INSTALL = YES;
				TARGETED_DEVICE_FAMILY = "1,2";
				VERSIONING_SYSTEM = "apple-generic";
				VERSION_INFO_PREFIX = "";
			};
			name = Debug;
		};
		E8C322361CF0BFD7005E4DEF /* Release */ = {
			isa = XCBuildConfiguration;
			buildSettings = {
				CURRENT_PROJECT_VERSION = 1;
				DEFINES_MODULE = YES;
				DYLIB_COMPATIBILITY_VERSION = 1;
				DYLIB_CURRENT_VERSION = 1;
				DYLIB_INSTALL_NAME_BASE = "@rpath";
				FRAMEWORK_SEARCH_PATHS = (
					"$(inherited)",
					"$(PROJECT_DIR)/build/Debug-iphoneos",
				);
				INFOPLIST_FILE = Infrastructure/Info.plist;
				INSTALL_PATH = "$(LOCAL_LIBRARY_DIR)/Frameworks";
				LD_RUNPATH_SEARCH_PATHS = "$(inherited) @executable_path/Frameworks @loader_path/Frameworks";
				PRODUCT_BUNDLE_IDENTIFIER = com.rzeczy.Infrastructure;
				PRODUCT_NAME = "$(TARGET_NAME)";
				SKIP_INSTALL = YES;
				TARGETED_DEVICE_FAMILY = "1,2";
				VERSIONING_SYSTEM = "apple-generic";
				VERSION_INFO_PREFIX = "";
			};
			name = Release;
		};
		E8C322391CF0BFD7005E4DEF /* Debug */ = {
			isa = XCBuildConfiguration;
			buildSettings = {
				INFOPLIST_FILE = InfrastructureTests/Info.plist;
				LD_RUNPATH_SEARCH_PATHS = "$(inherited) @executable_path/Frameworks @loader_path/Frameworks";
				PRODUCT_BUNDLE_IDENTIFIER = com.rzeczy.InfrastructureTests;
				PRODUCT_NAME = "$(TARGET_NAME)";
				TEST_HOST = "$(BUILT_PRODUCTS_DIR)/Posts.app/Posts";
			};
			name = Debug;
		};
		E8C3223A1CF0BFD7005E4DEF /* Release */ = {
			isa = XCBuildConfiguration;
			buildSettings = {
				INFOPLIST_FILE = InfrastructureTests/Info.plist;
				LD_RUNPATH_SEARCH_PATHS = "$(inherited) @executable_path/Frameworks @loader_path/Frameworks";
				PRODUCT_BUNDLE_IDENTIFIER = com.rzeczy.InfrastructureTests;
				PRODUCT_NAME = "$(TARGET_NAME)";
				TEST_HOST = "$(BUILT_PRODUCTS_DIR)/Posts.app/Posts";
			};
			name = Release;
		};
		E8C322581CF0BFE4005E4DEF /* Debug */ = {
			isa = XCBuildConfiguration;
			buildSettings = {
				CLANG_ENABLE_MODULES = YES;
				CURRENT_PROJECT_VERSION = 1;
				DEFINES_MODULE = YES;
				DYLIB_COMPATIBILITY_VERSION = 1;
				DYLIB_CURRENT_VERSION = 1;
				DYLIB_INSTALL_NAME_BASE = "@rpath";
				INFOPLIST_FILE = Domain/Info.plist;
				INSTALL_PATH = "$(LOCAL_LIBRARY_DIR)/Frameworks";
				LD_RUNPATH_SEARCH_PATHS = "$(inherited) @executable_path/Frameworks @loader_path/Frameworks";
				PRODUCT_BUNDLE_IDENTIFIER = com.rzeczy.Domain;
				PRODUCT_NAME = "$(TARGET_NAME)";
				SKIP_INSTALL = YES;
				SWIFT_OPTIMIZATION_LEVEL = "-Onone";
				TARGETED_DEVICE_FAMILY = "1,2";
				VERSIONING_SYSTEM = "apple-generic";
				VERSION_INFO_PREFIX = "";
			};
			name = Debug;
		};
		E8C322591CF0BFE4005E4DEF /* Release */ = {
			isa = XCBuildConfiguration;
			buildSettings = {
				CLANG_ENABLE_MODULES = YES;
				CURRENT_PROJECT_VERSION = 1;
				DEFINES_MODULE = YES;
				DYLIB_COMPATIBILITY_VERSION = 1;
				DYLIB_CURRENT_VERSION = 1;
				DYLIB_INSTALL_NAME_BASE = "@rpath";
				INFOPLIST_FILE = Domain/Info.plist;
				INSTALL_PATH = "$(LOCAL_LIBRARY_DIR)/Frameworks";
				LD_RUNPATH_SEARCH_PATHS = "$(inherited) @executable_path/Frameworks @loader_path/Frameworks";
				PRODUCT_BUNDLE_IDENTIFIER = com.rzeczy.Domain;
				PRODUCT_NAME = "$(TARGET_NAME)";
				SKIP_INSTALL = YES;
				TARGETED_DEVICE_FAMILY = "1,2";
				VERSIONING_SYSTEM = "apple-generic";
				VERSION_INFO_PREFIX = "";
			};
			name = Release;
		};
		E8C3225B1CF0BFE4005E4DEF /* Debug */ = {
			isa = XCBuildConfiguration;
			buildSettings = {
				INFOPLIST_FILE = DomainTests/Info.plist;
				LD_RUNPATH_SEARCH_PATHS = "$(inherited) @executable_path/Frameworks @loader_path/Frameworks";
				PRODUCT_BUNDLE_IDENTIFIER = com.rzeczy.DomainTests;
				PRODUCT_NAME = "$(TARGET_NAME)";
				TEST_HOST = "$(BUILT_PRODUCTS_DIR)/Posts.app/Posts";
			};
			name = Debug;
		};
		E8C3225C1CF0BFE4005E4DEF /* Release */ = {
			isa = XCBuildConfiguration;
			buildSettings = {
				INFOPLIST_FILE = DomainTests/Info.plist;
				LD_RUNPATH_SEARCH_PATHS = "$(inherited) @executable_path/Frameworks @loader_path/Frameworks";
				PRODUCT_BUNDLE_IDENTIFIER = com.rzeczy.DomainTests;
				PRODUCT_NAME = "$(TARGET_NAME)";
				TEST_HOST = "$(BUILT_PRODUCTS_DIR)/Posts.app/Posts";
			};
			name = Release;
		};
/* End XCBuildConfiguration section */

/* Begin XCConfigurationList section */
		E8C321F01CF0BFB5005E4DEF /* Build configuration list for PBXProject "Posts" */ = {
			isa = XCConfigurationList;
			buildConfigurations = (
				E8C322101CF0BFB5005E4DEF /* Debug */,
				E8C322111CF0BFB5005E4DEF /* Release */,
			);
			defaultConfigurationIsVisible = 0;
			defaultConfigurationName = Release;
		};
		E8C322121CF0BFB5005E4DEF /* Build configuration list for PBXNativeTarget "Posts" */ = {
			isa = XCConfigurationList;
			buildConfigurations = (
				E8C322131CF0BFB5005E4DEF /* Debug */,
				E8C322141CF0BFB5005E4DEF /* Release */,
			);
			defaultConfigurationIsVisible = 0;
			defaultConfigurationName = Release;
		};
		E8C322151CF0BFB5005E4DEF /* Build configuration list for PBXNativeTarget "PostsTests" */ = {
			isa = XCConfigurationList;
			buildConfigurations = (
				E8C322161CF0BFB5005E4DEF /* Debug */,
				E8C322171CF0BFB5005E4DEF /* Release */,
			);
			defaultConfigurationIsVisible = 0;
			defaultConfigurationName = Release;
		};
		E8C322341CF0BFD7005E4DEF /* Build configuration list for PBXNativeTarget "Infrastructure" */ = {
			isa = XCConfigurationList;
			buildConfigurations = (
				E8C322351CF0BFD7005E4DEF /* Debug */,
				E8C322361CF0BFD7005E4DEF /* Release */,
			);
			defaultConfigurationIsVisible = 0;
			defaultConfigurationName = Release;
		};
		E8C322381CF0BFD7005E4DEF /* Build configuration list for PBXNativeTarget "InfrastructureTests" */ = {
			isa = XCConfigurationList;
			buildConfigurations = (
				E8C322391CF0BFD7005E4DEF /* Debug */,
				E8C3223A1CF0BFD7005E4DEF /* Release */,
			);
			defaultConfigurationIsVisible = 0;
			defaultConfigurationName = Release;
		};
		E8C322571CF0BFE4005E4DEF /* Build configuration list for PBXNativeTarget "Domain" */ = {
			isa = XCConfigurationList;
			buildConfigurations = (
				E8C322581CF0BFE4005E4DEF /* Debug */,
				E8C322591CF0BFE4005E4DEF /* Release */,
			);
			defaultConfigurationIsVisible = 0;
			defaultConfigurationName = Release;
		};
		E8C3225A1CF0BFE4005E4DEF /* Build configuration list for PBXNativeTarget "DomainTests" */ = {
			isa = XCConfigurationList;
			buildConfigurations = (
				E8C3225B1CF0BFE4005E4DEF /* Debug */,
				E8C3225C1CF0BFE4005E4DEF /* Release */,
			);
			defaultConfigurationIsVisible = 0;
			defaultConfigurationName = Release;
		};
/* End XCConfigurationList section */
	};
	rootObject = E8C321ED1CF0BFB5005E4DEF /* Project object */;
}
